
Microsoft Visual Studio Solution File, Format Version 12.00
# Visual Studio Version 16
VisualStudioVersion = 16.0.32901.82
MinimumVisualStudioVersion = 10.0.40219.1
Project("{FAE04EC0-301F-11D3-BF4B-00C04F79EFBC}") = "OOP_Basics", "OOP_Basics\OOP_Basics.csproj", "{DC19866A-CF75-411A-A629-ED073B9A795E}"
EndProject
Global
	GlobalSection(SolutionConfigurationPlatforms) = preSolution
		Debug|Any CPU = Debug|Any CPU
		Release|Any CPU = Release|Any CPU
	EndGlobalSection
	GlobalSection(ProjectConfigurationPlatforms) = postSolution
		{DC19866A-CF75-411A-A629-ED073B9A795E}.Debug|Any CPU.ActiveCfg = Debug|Any CPU
		{DC19866A-CF75-411A-A629-ED073B9A795E}.Debug|Any CPU.Build.0 = Debug|Any CPU
		{DC19866A-CF75-411A-A629-ED073B9A795E}.Release|Any CPU.ActiveCfg = Release|Any CPU
		{DC19866A-CF75-411A-A629-ED073B9A795E}.Release|Any CPU.Build.0 = Release|Any CPU
	EndGlobalSection
	GlobalSection(SolutionProperties) = preSolution
		HideSolutionNode = FALSE
	EndGlobalSection
	GlobalSection(ExtensibilityGlobals) = postSolution
		SolutionGuid = {FC75118C-3CAF-4417-AD32-F7B402D07DEB}
	EndGlobalSection
EndGlobal
